// !$*UTF8*$!
{
	archiveVersion = 1;
	classes = {
	};
	objectVersion = 55;
	objects = {

/* Begin PBXBuildFile section */
		8236198E284739CA002BB76B /* AppDelegate.swift in Sources */ = {isa = PBXBuildFile; fileRef = 8236198D284739CA002BB76B /* AppDelegate.swift */; };
		82361990284739CA002BB76B /* SceneDelegate.swift in Sources */ = {isa = PBXBuildFile; fileRef = 8236198F284739CA002BB76B /* SceneDelegate.swift */; };
		82361992284739CA002BB76B /* ViewController.swift in Sources */ = {isa = PBXBuildFile; fileRef = 82361991284739CA002BB76B /* ViewController.swift */; };
		82361995284739CA002BB76B /* Main.storyboard in Resources */ = {isa = PBXBuildFile; fileRef = 82361993284739CA002BB76B /* Main.storyboard */; };
		82361997284739CB002BB76B /* Assets.xcassets in Resources */ = {isa = PBXBuildFile; fileRef = 82361996284739CB002BB76B /* Assets.xcassets */; };
		8236199A284739CB002BB76B /* LaunchScreen.storyboard in Resources */ = {isa = PBXBuildFile; fileRef = 82361998284739CB002BB76B /* LaunchScreen.storyboard */; };
		823619A528473C54002BB76B /* AmitySDK.xcframework in Frameworks */ = {isa = PBXBuildFile; fileRef = 823619A228473C54002BB76B /* AmitySDK.xcframework */; };
		823619A628473C54002BB76B /* AmitySDK.xcframework in Embed Frameworks */ = {isa = PBXBuildFile; fileRef = 823619A228473C54002BB76B /* AmitySDK.xcframework */; settings = {ATTRIBUTES = (CodeSignOnCopy, RemoveHeadersOnCopy, ); }; };
		823619A728473C54002BB76B /* AmityUIKit.framework in Frameworks */ = {isa = PBXBuildFile; fileRef = 823619A328473C54002BB76B /* AmityUIKit.framework */; };
		823619A828473C54002BB76B /* AmityUIKit.framework in Embed Frameworks */ = {isa = PBXBuildFile; fileRef = 823619A328473C54002BB76B /* AmityUIKit.framework */; settings = {ATTRIBUTES = (CodeSignOnCopy, RemoveHeadersOnCopy, ); }; };
		823619A928473C54002BB76B /* Realm.xcframework in Frameworks */ = {isa = PBXBuildFile; fileRef = 823619A428473C54002BB76B /* Realm.xcframework */; };
		823619AA28473C54002BB76B /* Realm.xcframework in Embed Frameworks */ = {isa = PBXBuildFile; fileRef = 823619A428473C54002BB76B /* Realm.xcframework */; settings = {ATTRIBUTES = (CodeSignOnCopy, RemoveHeadersOnCopy, ); }; };
/* End PBXBuildFile section */

/* Begin PBXCopyFilesBuildPhase section */
		823619AB28473C54002BB76B /* Embed Frameworks */ = {
			isa = PBXCopyFilesBuildPhase;
			buildActionMask = 2147483647;
			dstPath = "";
			dstSubfolderSpec = 10;
			files = (
				823619A828473C54002BB76B /* AmityUIKit.framework in Embed Frameworks */,
				823619A628473C54002BB76B /* AmitySDK.xcframework in Embed Frameworks */,
				823619AA28473C54002BB76B /* Realm.xcframework in Embed Frameworks */,
			);
			name = "Embed Frameworks";
			runOnlyForDeploymentPostprocessing = 0;
		};
/* End PBXCopyFilesBuildPhase section */

/* Begin PBXFileReference section */
		8236198A284739CA002BB76B /* testOpensource.app */ = {isa = PBXFileReference; explicitFileType = wrapper.application; includeInIndex = 0; path = testOpensource.app; sourceTree = BUILT_PRODUCTS_DIR; };
		8236198D284739CA002BB76B /* AppDelegate.swift */ = {isa = PBXFileReference; lastKnownFileType = sourcecode.swift; path = AppDelegate.swift; sourceTree = "<group>"; };
		8236198F284739CA002BB76B /* SceneDelegate.swift */ = {isa = PBXFileReference; lastKnownFileType = sourcecode.swift; path = SceneDelegate.swift; sourceTree = "<group>"; };
		82361991284739CA002BB76B /* ViewController.swift */ = {isa = PBXFileReference; lastKnownFileType = sourcecode.swift; path = ViewController.swift; sourceTree = "<group>"; };
		82361994284739CA002BB76B /* Base */ = {isa = PBXFileReference; lastKnownFileType = file.storyboard; name = Base; path = Base.lproj/Main.storyboard; sourceTree = "<group>"; };
		82361996284739CB002BB76B /* Assets.xcassets */ = {isa = PBXFileReference; lastKnownFileType = folder.assetcatalog; path = Assets.xcassets; sourceTree = "<group>"; };
		82361999284739CB002BB76B /* Base */ = {isa = PBXFileReference; lastKnownFileType = file.storyboard; name = Base; path = Base.lproj/LaunchScreen.storyboard; sourceTree = "<group>"; };
		8236199B284739CB002BB76B /* Info.plist */ = {isa = PBXFileReference; lastKnownFileType = text.plist.xml; path = Info.plist; sourceTree = "<group>"; };
		823619A228473C54002BB76B /* AmitySDK.xcframework */ = {isa = PBXFileReference; lastKnownFileType = wrapper.xcframework; name = AmitySDK.xcframework; path = "Amity-Social-Cloud-UIKit-iOS-OpenSource/UpstraUIKit/Shared/AmitySDK.xcframework"; sourceTree = "<group>"; };
		823619A328473C54002BB76B /* AmityUIKit.framework */ = {isa = PBXFileReference; explicitFileType = wrapper.framework; path = AmityUIKit.framework; sourceTree = BUILT_PRODUCTS_DIR; };
		823619A428473C54002BB76B /* Realm.xcframework */ = {isa = PBXFileReference; lastKnownFileType = wrapper.xcframework; name = Realm.xcframework; path = "Amity-Social-Cloud-UIKit-iOS-OpenSource/UpstraUIKit/Shared/Realm.xcframework"; sourceTree = "<group>"; };
/* End PBXFileReference section */

/* Begin PBXFrameworksBuildPhase section */
		82361987284739CA002BB76B /* Frameworks */ = {
			isa = PBXFrameworksBuildPhase;
			buildActionMask = 2147483647;
			files = (
				823619A728473C54002BB76B /* AmityUIKit.framework in Frameworks */,
				823619A528473C54002BB76B /* AmitySDK.xcframework in Frameworks */,
				823619A928473C54002BB76B /* Realm.xcframework in Frameworks */,
			);
			runOnlyForDeploymentPostprocessing = 0;
		};
/* End PBXFrameworksBuildPhase section */

/* Begin PBXGroup section */
		82361981284739CA002BB76B = {
			isa = PBXGroup;
			children = (
				8236198C284739CA002BB76B /* testOpensource */,
				8236198B284739CA002BB76B /* Products */,
				823619A128473C54002BB76B /* Frameworks */,
			);
			sourceTree = "<group>";
		};
		8236198B284739CA002BB76B /* Products */ = {
			isa = PBXGroup;
			children = (
				8236198A284739CA002BB76B /* testOpensource.app */,
			);
			name = Products;
			sourceTree = "<group>";
		};
		8236198C284739CA002BB76B /* testOpensource */ = {
			isa = PBXGroup;
			children = (
				8236198D284739CA002BB76B /* AppDelegate.swift */,
				8236198F284739CA002BB76B /* SceneDelegate.swift */,
				82361991284739CA002BB76B /* ViewController.swift */,
				82361993284739CA002BB76B /* Main.storyboard */,
				82361996284739CB002BB76B /* Assets.xcassets */,
				82361998284739CB002BB76B /* LaunchScreen.storyboard */,
				8236199B284739CB002BB76B /* Info.plist */,
			);
			path = testOpensource;
			sourceTree = "<group>";
		};
		823619A128473C54002BB76B /* Frameworks */ = {
			isa = PBXGroup;
			children = (
				823619A228473C54002BB76B /* AmitySDK.xcframework */,
				823619A328473C54002BB76B /* AmityUIKit.framework */,
				823619A428473C54002BB76B /* Realm.xcframework */,
			);
			name = Frameworks;
			sourceTree = "<group>";
		};
/* End PBXGroup section */

/* Begin PBXNativeTarget section */
		82361989284739CA002BB76B /* testOpensource */ = {
			isa = PBXNativeTarget;
			buildConfigurationList = 8236199E284739CB002BB76B /* Build configuration list for PBXNativeTarget "testOpensource" */;
			buildPhases = (
				82361986284739CA002BB76B /* Sources */,
				82361987284739CA002BB76B /* Frameworks */,
				82361988284739CA002BB76B /* Resources */,
				823619AB28473C54002BB76B /* Embed Frameworks */,
			);
			buildRules = (
			);
			dependencies = (
			);
			name = testOpensource;
			productName = testOpensource;
			productReference = 8236198A284739CA002BB76B /* testOpensource.app */;
			productType = "com.apple.product-type.application";
		};
/* End PBXNativeTarget section */

/* Begin PBXProject section */
		82361982284739CA002BB76B /* Project object */ = {
			isa = PBXProject;
			attributes = {
				BuildIndependentTargetsInParallel = 1;
				LastSwiftUpdateCheck = 1340;
				LastUpgradeCheck = 1340;
				TargetAttributes = {
					82361989284739CA002BB76B = {
						CreatedOnToolsVersion = 13.4;
					};
				};
			};
			buildConfigurationList = 82361985284739CA002BB76B /* Build configuration list for PBXProject "testOpensource" */;
			compatibilityVersion = "Xcode 13.0";
			developmentRegion = en;
			hasScannedForEncodings = 0;
			knownRegions = (
				en,
				Base,
			);
			mainGroup = 82361981284739CA002BB76B;
			productRefGroup = 8236198B284739CA002BB76B /* Products */;
			projectDirPath = "";
			projectRoot = "";
			targets = (
				82361989284739CA002BB76B /* testOpensource */,
			);
		};
/* End PBXProject section */

/* Begin PBXResourcesBuildPhase section */
		82361988284739CA002BB76B /* Resources */ = {
			isa = PBXResourcesBuildPhase;
			buildActionMask = 2147483647;
			files = (
				8236199A284739CB002BB76B /* LaunchScreen.storyboard in Resources */,
				82361997284739CB002BB76B /* Assets.xcassets in Resources */,
				82361995284739CA002BB76B /* Main.storyboard in Resources */,
			);
			runOnlyForDeploymentPostprocessing = 0;
		};
/* End PBXResourcesBuildPhase section */

/* Begin PBXSourcesBuildPhase section */
		82361986284739CA002BB76B /* Sources */ = {
			isa = PBXSourcesBuildPhase;
			buildActionMask = 2147483647;
			files = (
				82361992284739CA002BB76B /* ViewController.swift in Sources */,
				8236198E284739CA002BB76B /* AppDelegate.swift in Sources */,
				82361990284739CA002BB76B /* SceneDelegate.swift in Sources */,
			);
			runOnlyForDeploymentPostprocessing = 0;
		};
/* End PBXSourcesBuildPhase section */

/* Begin PBXVariantGroup section */
		82361993284739CA002BB76B /* Main.storyboard */ = {
			isa = PBXVariantGroup;
			children = (
				82361994284739CA002BB76B /* Base */,
			);
			name = Main.storyboard;
			sourceTree = "<group>";
		};
		82361998284739CB002BB76B /* LaunchScreen.storyboard */ = {
			isa = PBXVariantGroup;
			children = (
				82361999284739CB002BB76B /* Base */,
			);
			name = LaunchScreen.storyboard;
			sourceTree = "<group>";
		};
/* End PBXVariantGroup section */

/* Begin XCBuildConfiguration section */
		8236199C284739CB002BB76B /* Debug */ = {
			isa = XCBuildConfiguration;
			buildSettings = {
				ALWAYS_SEARCH_USER_PATHS = NO;
				CLANG_ANALYZER_NONNULL = YES;
				CLANG_ANALYZER_NUMBER_OBJECT_CONVERSION = YES_AGGRESSIVE;
				CLANG_CXX_LANGUAGE_STANDARD = "gnu++17";
				CLANG_ENABLE_MODULES = YES;
				CLANG_ENABLE_OBJC_ARC = YES;
				CLANG_ENABLE_OBJC_WEAK = YES;
				CLANG_WARN_BLOCK_CAPTURE_AUTORELEASING = YES;
				CLANG_WARN_BOOL_CONVERSION = YES;
				CLANG_WARN_COMMA = YES;
				CLANG_WARN_CONSTANT_CONVERSION = YES;
				CLANG_WARN_DEPRECATED_OBJC_IMPLEMENTATIONS = YES;
				CLANG_WARN_DIRECT_OBJC_ISA_USAGE = YES_ERROR;
				CLANG_WARN_DOCUMENTATION_COMMENTS = YES;
				CLANG_WARN_EMPTY_BODY = YES;
				CLANG_WARN_ENUM_CONVERSION = YES;
				CLANG_WARN_INFINITE_RECURSION = YES;
				CLANG_WARN_INT_CONVERSION = YES;
				CLANG_WARN_NON_LITERAL_NULL_CONVERSION = YES;
				CLANG_WARN_OBJC_IMPLICIT_RETAIN_SELF = YES;
				CLANG_WARN_OBJC_LITERAL_CONVERSION = YES;
				CLANG_WARN_OBJC_ROOT_CLASS = YES_ERROR;
				CLANG_WARN_QUOTED_INCLUDE_IN_FRAMEWORK_HEADER = YES;
				CLANG_WARN_RANGE_LOOP_ANALYSIS = YES;
				CLANG_WARN_STRICT_PROTOTYPES = YES;
				CLANG_WARN_SUSPICIOUS_MOVE = YES;
				CLANG_WARN_UNGUARDED_AVAILABILITY = YES_AGGRESSIVE;
				CLANG_WARN_UNREACHABLE_CODE = YES;
				CLANG_WARN__DUPLICATE_METHOD_MATCH = YES;
				COPY_PHASE_STRIP = NO;
				DEBUG_INFORMATION_FORMAT = dwarf;
				ENABLE_STRICT_OBJC_MSGSEND = YES;
				ENABLE_TESTABILITY = YES;
				GCC_C_LANGUAGE_STANDARD = gnu11;
				GCC_DYNAMIC_NO_PIC = NO;
				GCC_NO_COMMON_BLOCKS = YES;
				GCC_OPTIMIZATION_LEVEL = 0;
				GCC_PREPROCESSOR_DEFINITIONS = (
					"DEBUG=1",
					"$(inherited)",
				);
				GCC_WARN_64_TO_32_BIT_CONVERSION = YES;
				GCC_WARN_ABOUT_RETURN_TYPE = YES_ERROR;
				GCC_WARN_UNDECLARED_SELECTOR = YES;
				GCC_WARN_UNINITIALIZED_AUTOS = YES_AGGRESSIVE;
				GCC_WARN_UNUSED_FUNCTION = YES;
				GCC_WARN_UNUSED_VARIABLE = YES;
				IPHONEOS_DEPLOYMENT_TARGET = 15.5;
				MTL_ENABLE_DEBUG_INFO = INCLUDE_SOURCE;
				MTL_FAST_MATH = YES;
				ONLY_ACTIVE_ARCH = YES;
				SDKROOT = iphoneos;
				SWIFT_ACTIVE_COMPILATION_CONDITIONS = DEBUG;
				SWIFT_OPTIMIZATION_LEVEL = "-Onone";
			};
			name = Debug;
		};
		8236199D284739CB002BB76B /* Release */ = {
			isa = XCBuildConfiguration;
			buildSettings = {
				ALWAYS_SEARCH_USER_PATHS = NO;
				CLANG_ANALYZER_NONNULL = YES;
				CLANG_ANALYZER_NUMBER_OBJECT_CONVERSION = YES_AGGRESSIVE;
				CLANG_CXX_LANGUAGE_STANDARD = "gnu++17";
				CLANG_ENABLE_MODULES = YES;
				CLANG_ENABLE_OBJC_ARC = YES;
				CLANG_ENABLE_OBJC_WEAK = YES;
				CLANG_WARN_BLOCK_CAPTURE_AUTORELEASING = YES;
				CLANG_WARN_BOOL_CONVERSION = YES;
				CLANG_WARN_COMMA = YES;
				CLANG_WARN_CONSTANT_CONVERSION = YES;
				CLANG_WARN_DEPRECATED_OBJC_IMPLEMENTATIONS = YES;
				CLANG_WARN_DIRECT_OBJC_ISA_USAGE = YES_ERROR;
				CLANG_WARN_DOCUMENTATION_COMMENTS = YES;
				CLANG_WARN_EMPTY_BODY = YES;
				CLANG_WARN_ENUM_CONVERSION = YES;
				CLANG_WARN_INFINITE_RECURSION = YES;
				CLANG_WARN_INT_CONVERSION = YES;
				CLANG_WARN_NON_LITERAL_NULL_CONVERSION = YES;
				CLANG_WARN_OBJC_IMPLICIT_RETAIN_SELF = YES;
				CLANG_WARN_OBJC_LITERAL_CONVERSION = YES;
				CLANG_WARN_OBJC_ROOT_CLASS = YES_ERROR;
				CLANG_WARN_QUOTED_INCLUDE_IN_FRAMEWORK_HEADER = YES;
				CLANG_WARN_RANGE_LOOP_ANALYSIS = YES;
				CLANG_WARN_STRICT_PROTOTYPES = YES;
				CLANG_WARN_SUSPICIOUS_MOVE = YES;
				CLANG_WARN_UNGUARDED_AVAILABILITY = YES_AGGRESSIVE;
				CLANG_WARN_UNREACHABLE_CODE = YES;
				CLANG_WARN__DUPLICATE_METHOD_MATCH = YES;
				COPY_PHASE_STRIP = NO;
				DEBUG_INFORMATION_FORMAT = "dwarf-with-dsym";
				ENABLE_NS_ASSERTIONS = NO;
				ENABLE_STRICT_OBJC_MSGSEND = YES;
				GCC_C_LANGUAGE_STANDARD = gnu11;
				GCC_NO_COMMON_BLOCKS = YES;
				GCC_WARN_64_TO_32_BIT_CONVERSION = YES;
				GCC_WARN_ABOUT_RETURN_TYPE = YES_ERROR;
				GCC_WARN_UNDECLARED_SELECTOR = YES;
				GCC_WARN_UNINITIALIZED_AUTOS = YES_AGGRESSIVE;
				GCC_WARN_UNUSED_FUNCTION = YES;
				GCC_WARN_UNUSED_VARIABLE = YES;
				IPHONEOS_DEPLOYMENT_TARGET = 15.5;
				MTL_ENABLE_DEBUG_INFO = NO;
				MTL_FAST_MATH = YES;
				SDKROOT = iphoneos;
				SWIFT_COMPILATION_MODE = wholemodule;
				SWIFT_OPTIMIZATION_LEVEL = "-O";
				VALIDATE_PRODUCT = YES;
			};
			name = Release;
		};
		8236199F284739CB002BB76B /* Debug */ = {
			isa = XCBuildConfiguration;
			buildSettings = {
				ASSETCATALOG_COMPILER_APPICON_NAME = AppIcon;
				ASSETCATALOG_COMPILER_GLOBAL_ACCENT_COLOR_NAME = AccentColor;
				CODE_SIGN_STYLE = Automatic;
				CURRENT_PROJECT_VERSION = 1;
				DEVELOPMENT_TEAM = 48H499VZQD;
				GENERATE_INFOPLIST_FILE = YES;
				INFOPLIST_FILE = testOpensource/Info.plist;
				INFOPLIST_KEY_UIApplicationSupportsIndirectInputEvents = YES;
				INFOPLIST_KEY_UILaunchStoryboardName = LaunchScreen;
				INFOPLIST_KEY_UIMainStoryboardFile = Main;
				INFOPLIST_KEY_UISupportedInterfaceOrientations_iPad = "UIInterfaceOrientationPortrait UIInterfaceOrientationPortraitUpsideDown UIInterfaceOrientationLandscapeLeft UIInterfaceOrientationLandscapeRight";
				INFOPLIST_KEY_UISupportedInterfaceOrientations_iPhone = "UIInterfaceOrientationPortrait UIInterfaceOrientationLandscapeLeft UIInterfaceOrientationLandscapeRight";
				LD_RUNPATH_SEARCH_PATHS = (
					"$(inherited)",
					"@executable_path/Frameworks",
				);
				MARKETING_VERSION = 1.0;
				PRODUCT_BUNDLE_IDENTIFIER = janrai.testOpensource;
				PRODUCT_NAME = "$(TARGET_NAME)";
				SWIFT_EMIT_LOC_STRINGS = YES;
				SWIFT_VERSION = 5.0;
				TARGETED_DEVICE_FAMILY = "1,2";
			};
			name = Debug;
		};
		823619A0284739CB002BB76B /* Release */ = {
			isa = XCBuildConfiguration;
			buildSettings = {
				ASSETCATALOG_COMPILER_APPICON_NAME = AppIcon;
				ASSETCATALOG_COMPILER_GLOBAL_ACCENT_COLOR_NAME = AccentColor;
				CODE_SIGN_STYLE = Automatic;
				CURRENT_PROJECT_VERSION = 1;
				DEVELOPMENT_TEAM = 48H499VZQD;
				GENERATE_INFOPLIST_FILE = YES;
				INFOPLIST_FILE = testOpensource/Info.plist;
				INFOPLIST_KEY_UIApplicationSupportsIndirectInputEvents = YES;
				INFOPLIST_KEY_UILaunchStoryboardName = LaunchScreen;
				INFOPLIST_KEY_UIMainStoryboardFile = Main;
				INFOPLIST_KEY_UISupportedInterfaceOrientations_iPad = "UIInterfaceOrientationPortrait UIInterfaceOrientationPortraitUpsideDown UIInterfaceOrientationLandscapeLeft UIInterfaceOrientationLandscapeRight";
				INFOPLIST_KEY_UISupportedInterfaceOrientations_iPhone = "UIInterfaceOrientationPortrait UIInterfaceOrientationLandscapeLeft UIInterfaceOrientationLandscapeRight";
				LD_RUNPATH_SEARCH_PATHS = (
					"$(inherited)",
					"@executable_path/Frameworks",
				);
				MARKETING_VERSION = 1.0;
				PRODUCT_BUNDLE_IDENTIFIER = janrai.testOpensource;
				PRODUCT_NAME = "$(TARGET_NAME)";
				SWIFT_EMIT_LOC_STRINGS = YES;
				SWIFT_VERSION = 5.0;
				TARGETED_DEVICE_FAMILY = "1,2";
			};
			name = Release;
		};
/* End XCBuildConfiguration section */

/* Begin XCConfigurationList section */
		82361985284739CA002BB76B /* Build configuration list for PBXProject "testOpensource" */ = {
			isa = XCConfigurationList;
			buildConfigurations = (
				8236199C284739CB002BB76B /* Debug */,
				8236199D284739CB002BB76B /* Release */,
			);
			defaultConfigurationIsVisible = 0;
			defaultConfigurationName = Release;
		};
		8236199E284739CB002BB76B /* Build configuration list for PBXNativeTarget "testOpensource" */ = {
			isa = XCConfigurationList;
			buildConfigurations = (
				8236199F284739CB002BB76B /* Debug */,
				823619A0284739CB002BB76B /* Release */,
			);
			defaultConfigurationIsVisible = 0;
			defaultConfigurationName = Release;
		};
/* End XCConfigurationList section */
	};
	rootObject = 82361982284739CA002BB76B /* Project object */;
}
